lockVersion: 2
pacto:
    version: 0.0.0
root:
    name: auth-service
    version: 1.0.0
dependencies:
    - name: redis
      source: oci
      ref: oci://ghcr.io/trianalab/pacto/redis
      constraint: ^7.0.0
      version: 7.2.0
      digest: sha256:d06edc980f34a7a24bbadce58305f9f8285bd863091c12de1e91cc1a6c704293
references:
    - kind: config
      name: platform
      source: oci
      ref: oci://ghcr.io/trianalab/pacto/platform-app-config
      version: 1.0.0
      digest: sha256:621781dac22b3d9716d87a920b80c00f1471052f036bccc0a68003e223f20967
    - kind: policy
      name: http-security
      source: oci
      ref: oci://ghcr.io/trianalab/pacto/platform-http-policy
      version: 1.0.0
      digest: sha256:43b85f6522c75dee67041cffbbff8b990c34b954c090ca6bafa60c4d814d4fff
