lockVersion: 3
pacto:
    version: 0.0.0
root:
    name: frontend
    version: 1.0.0
dependencies:
    - name: api-gateway
      source: oci
      ref: oci://ghcr.io/trianalab/pacto/api-gateway
      constraint: ^1.0.0
      version: 1.2.0
      digest: sha256:673e8f7360f1f6adb54ea16e50aafb1e9c28f1e14e64285473560b178e2c8b9a
      dependsOn:
        - auth-service
        - orders-service
        - payments-service
    - name: auth-service
      source: oci
      ref: oci://ghcr.io/trianalab/pacto/auth-service
      constraint: ^1.0.0
      version: 1.0.0
      digest: sha256:1d5a6701101c48119aee021854aaaafc30fb4158954a746a6fb9ebbad5491110
      dependsOn:
        - redis
    - name: email-provider
      source: oci
      ref: oci://ghcr.io/trianalab/pacto/email-provider
      constraint: ^1.0.0
      version: 1.0.0
      digest: sha256:31f12d0ba035a93bb4551c96ad606194b96f7b9ca6456f0df2c017c48eb4cb2a
    - name: fraud-service
      source: oci
      ref: oci://ghcr.io/trianalab/pacto/fraud-service
      constraint: ^1.0.0
      version: 1.0.0
      digest: sha256:3e20654ce2a826bf2dc685974a5d51e8632b5a14bfbda9f870188a87eab6e034
      dependsOn:
        - redis
    - name: notification-worker
      source: oci
      ref: oci://ghcr.io/trianalab/pacto/notification-worker
      constraint: ^1.0.0
      version: 1.0.0
      digest: sha256:569ff2fd3c335367e0c72efb79d9fc0f853b6370492fa9b78cff2dd56f560c5c
      dependsOn:
        - email-provider
    - name: orders-service
      source: oci
      ref: oci://ghcr.io/trianalab/pacto/orders-service
      constraint: ^1.0.0
      version: 1.2.0
      digest: sha256:aee31d7ab55014b6fbcfd4a5e033a92769f25e32ac67c2b61637bcfec315ca69
      dependsOn:
        - notification-worker
        - payments-service
        - postgresql
    - name: payments-service
      source: oci
      ref: oci://ghcr.io/trianalab/pacto/payments-service
      constraint: ^1.0.0
      version: 2.1.0
      digest: sha256:4f5b3e6ef65bbf3ef2843d25c5a107df8e94632c60addca0303dd76100e5b08a
      dependsOn:
        - fraud-service
        - postgresql
        - stripe-api
    - name: postgresql
      source: oci
      ref: oci://ghcr.io/trianalab/pacto/postgresql
      constraint: ^16.0.0
      version: 16.0.0
      digest: sha256:92a1f1c2b273490a54e80f8e599632fcde7bba2c5215f02bb1460e6c63dc0f3e
    - name: redis
      source: oci
      ref: oci://ghcr.io/trianalab/pacto/redis
      constraint: ^7.0.0
      version: 7.2.0
      digest: sha256:f9485712de500349ab7afcd16927535963e69c1499ecb0482f3f5af3b207034a
    - name: stripe-api
      source: oci
      ref: oci://ghcr.io/trianalab/pacto/stripe-api
      constraint: ^2024.01.01
      version: 2024.01.01
      digest: sha256:fd4ab81035d3bfe3f80e8030f046a901d5a898e5b18cff8b3a264dd7e7451c93
references:
    - kind: config
      name: platform
      source: oci
      ref: oci://ghcr.io/trianalab/pacto/platform-app-config
      version: 1.0.0
      digest: sha256:621781dac22b3d9716d87a920b80c00f1471052f036bccc0a68003e223f20967
    - kind: policy
      name: http-security
      source: oci
      ref: oci://ghcr.io/trianalab/pacto/platform-http-policy
      version: 1.0.0
      digest: sha256:43b85f6522c75dee67041cffbbff8b990c34b954c090ca6bafa60c4d814d4fff
