lockVersion: 3
pacto:
    version: 0.0.0
root:
    name: notification-worker
    version: 1.0.0
dependencies:
    - name: email-provider
      source: oci
      ref: oci://ghcr.io/trianalab/pacto/email-provider
      constraint: ^1.0.0
      version: 1.0.0
      digest: sha256:a5179e3070cb65a6d8bc4826dcf096d997ec0ca47d2dcbd4a12677f269d5b283
references:
    - kind: config
      name: platform
      source: oci
      ref: oci://ghcr.io/trianalab/pacto/platform-worker-config
      version: 1.0.0
      digest: sha256:1b9be3601f5f3766e54d5b87b38ccb445a4fc732418d88e4fe4b8a3f702d6ab2
    - kind: policy
      name: http-security
      source: oci
      ref: oci://ghcr.io/trianalab/pacto/platform-http-policy
      version: 1.0.0
      digest: sha256:43b85f6522c75dee67041cffbbff8b990c34b954c090ca6bafa60c4d814d4fff
