lockVersion: 1
pacto:
    version: 0.0.0
root:
    name: notification-worker
    version: 1.0.0
dependencies:
    - name: email-provider
      source: oci
      ref: oci://ghcr.io/trianalab/pacto-demo/email-provider
      constraint: ^1.0.0
      version: 1.0.0
      digest: sha256:2ef9480d81b9d2006f9f2d98b1745cd698fe2d5805e2fe42980fb1ad24acf366
references:
    - kind: config
      name: platform
      source: oci
      ref: oci://ghcr.io/trianalab/pacto-demo/platform-worker-config
      version: 1.0.0
      digest: sha256:159e590d349c3f069e76b1033ff98503e33323ef383c364dce124a7e36dd972e
    - kind: policy
      name: http-security
      source: oci
      ref: oci://ghcr.io/trianalab/pacto-demo/platform-http-policy
      version: 1.0.0
      digest: sha256:37a6efb94754ea8d622cbb87ed184d6a270ec7b54a5571f003c74d544663dca3
