lockVersion: 1
pacto:
    version: 0.0.0
root:
    name: api-gateway
    version: 1.0.0
dependencies:
    - name: auth-service
      source: oci
      ref: oci://ghcr.io/trianalab/pacto-demo/auth-service
      constraint: ^1.0.0
      version: 1.0.0
      digest: sha256:9c906eb01b2fe5127776c28f12f7d8d7a2994261c3f02f03c553c0bb54b8ad22
      dependsOn:
        - redis
    - name: email-provider
      source: oci
      ref: oci://ghcr.io/trianalab/pacto-demo/email-provider
      constraint: ^1.0.0
      version: 1.0.0
      digest: sha256:c2446512223e61040b74fea013e07ae642c70fa23b9fa25c264c3f03483dc3aa
    - name: fraud-service
      source: oci
      ref: oci://ghcr.io/trianalab/pacto-demo/fraud-service
      constraint: ^1.0.0
      version: 1.0.0
      digest: sha256:3e73d6d2fd63b730d77f241d3e0f07d8e1edce837124b34f0e7b49b5c66985cf
      dependsOn:
        - redis
    - name: notification-worker
      source: oci
      ref: oci://ghcr.io/trianalab/pacto-demo/notification-worker
      constraint: ^1.0.0
      version: 1.0.0
      digest: sha256:19361f71ec0e4a0c429dd85d46380c1135a7792206f55efff91af64e342413d6
      dependsOn:
        - email-provider
    - name: orders-service
      source: oci
      ref: oci://ghcr.io/trianalab/pacto-demo/orders-service
      constraint: ^1.0.0
      version: 1.2.0
      digest: sha256:90429bc4e4c05e4bdc9dc8de94005615474ef1031bf5d3dd9fbd524f87a97c2f
      dependsOn:
        - notification-worker
        - payments-service
        - postgresql
    - name: payments-service
      source: oci
      ref: oci://ghcr.io/trianalab/pacto-demo/payments-service
      constraint: ^1.0.0
      version: 2.1.0
      digest: sha256:15880bb6a6df14c33e9f94de39d0c1ef999cc9a007638891d5f8885b92597a17
      dependsOn:
        - fraud-service
        - postgresql
        - stripe-api
    - name: postgresql
      source: oci
      ref: oci://ghcr.io/trianalab/pacto-demo/postgresql
      constraint: ^16.0.0
      version: 16.0.0
      digest: sha256:f98a940bcb3344e73476605c003aaf6782f86b61e5beaf98bc7012f2959d340c
    - name: redis
      source: oci
      ref: oci://ghcr.io/trianalab/pacto-demo/redis
      constraint: ^7.0.0
      version: 7.2.0
      digest: sha256:7d9247cb5e7a72866075cea3e571f7115911e8116d957d93132c6cd3c69b3e69
    - name: stripe-api
      source: oci
      ref: oci://ghcr.io/trianalab/pacto-demo/stripe-api
      constraint: ^2024.01.01
      version: 2024.01.01
      digest: sha256:2da44e525052f640faa5e06909bcd3f5a3055a118bf9ef1a56f3d67f7003d3b4
references:
    - kind: config
      name: platform
      source: oci
      ref: oci://ghcr.io/trianalab/pacto-demo/platform-app-config
      version: 1.0.0
      digest: sha256:f8031ee52466073f28daefaa53af7e8ec948492d72fb0561a328a0af28cceaed
