lockVersion: 1
pacto:
    version: 0.0.0
root:
    name: fraud-service
    version: 1.0.0
dependencies:
    - name: redis
      source: oci
      ref: oci://ghcr.io/trianalab/pacto-demo/redis
      constraint: ^7.0.0
      version: 7.2.0
      digest: sha256:4a7dc30c2ee1eebc891f69b33b27de495f5d63126e95851fda10df183b3ffff2
references:
    - kind: config
      name: platform
      source: oci
      ref: oci://ghcr.io/trianalab/pacto-demo/platform-app-config
      version: 1.0.0
      digest: sha256:ba31148f60d9b59da83fb067f64fb91d1e4201e8a96ac690f99df9b1ee95e9be
    - kind: policy
      name: http-security
      source: oci
      ref: oci://ghcr.io/trianalab/pacto-demo/platform-http-policy
      version: 1.0.0
      digest: sha256:6a7d266d194181c540baac9b8f544135ee1f6f82f6bce3c7af618bd677ea2bc7
