lockVersion: 1
pacto:
    version: 0.0.0
root:
    name: payments-service
    version: 1.1.0
dependencies:
    - name: postgresql
      source: oci
      ref: oci://ghcr.io/trianalab/pacto-demo/postgresql
      constraint: ^16.0.0
      version: 16.0.0
      digest: sha256:5df5c6c08e82bf3a6f1ab512a8d13f2948e2b92cf13c7c28f354ae1f3794b2bf
    - name: stripe-api
      source: oci
      ref: oci://ghcr.io/trianalab/pacto-demo/stripe-api
      constraint: ^2024.01.01
      version: 2024.01.01
      digest: sha256:8c5fae3f3c2ef7fe805c525f62befa78663a7e87cae88010704533fdc1504d08
references:
    - kind: config
      name: platform
      source: oci
      ref: oci://ghcr.io/trianalab/pacto-demo/platform-app-config
      version: 1.0.0
      digest: sha256:1ae13ed5c1779963835f2feb187261b2fe42f6c4fe12a7a3b2b05f020a1275b5
    - kind: policy
      name: http-security
      source: oci
      ref: oci://ghcr.io/trianalab/pacto-demo/platform-http-policy
      version: 1.0.0
      digest: sha256:a2baa0f8dc5b716a94449dda9a30c93abd34c9c96ab9a724cf48839c25bef039
