lockVersion: 1
pacto:
    version: 0.0.0
root:
    name: payments-service
    version: 2.1.0
dependencies:
    - name: fraud-service
      source: oci
      ref: oci://ghcr.io/trianalab/pacto-demo/fraud-service
      constraint: ^1.0.0
      version: 1.0.0
      digest: sha256:81cb26817908cc82333cf3114572fe2349fa2645c01d175949a3bb984435ff5a
      dependsOn:
        - redis
    - name: postgresql
      source: oci
      ref: oci://ghcr.io/trianalab/pacto-demo/postgresql
      constraint: ^16.0.0
      version: 16.0.0
      digest: sha256:11b8e350536f32da40dc79a0531d32ea846fdea38ee0814f5497d64d24f4bdf1
    - name: redis
      source: oci
      ref: oci://ghcr.io/trianalab/pacto-demo/redis
      constraint: ^7.0.0
      version: 7.2.0
      digest: sha256:4a7dc30c2ee1eebc891f69b33b27de495f5d63126e95851fda10df183b3ffff2
    - name: stripe-api
      source: oci
      ref: oci://ghcr.io/trianalab/pacto-demo/stripe-api
      constraint: ^2024.01.01
      version: 2024.01.01
      digest: sha256:55147a11d101a218a303064498ab8e72397eb3797cc5e257e4199a1c2844d77e
references:
    - kind: config
      name: platform
      source: oci
      ref: oci://ghcr.io/trianalab/pacto-demo/platform-app-config
      version: 1.0.0
      digest: sha256:ba31148f60d9b59da83fb067f64fb91d1e4201e8a96ac690f99df9b1ee95e9be
    - kind: policy
      name: http-security
      source: oci
      ref: oci://ghcr.io/trianalab/pacto-demo/platform-http-policy
      version: 1.0.0
      digest: sha256:6a7d266d194181c540baac9b8f544135ee1f6f82f6bce3c7af618bd677ea2bc7
