lockVersion: 2
pacto:
    version: 0.0.0
root:
    name: payments-service
    version: 2.1.0
dependencies:
    - name: fraud-service
      source: oci
      ref: oci://ghcr.io/trianalab/pacto/fraud-service
      constraint: ^1.0.0
      version: 1.0.0
      digest: sha256:3e20654ce2a826bf2dc685974a5d51e8632b5a14bfbda9f870188a87eab6e034
      dependsOn:
        - redis
    - name: postgresql
      source: oci
      ref: oci://ghcr.io/trianalab/pacto/postgresql
      constraint: ^16.0.0
      version: 16.0.0
      digest: sha256:92a1f1c2b273490a54e80f8e599632fcde7bba2c5215f02bb1460e6c63dc0f3e
    - name: redis
      source: oci
      ref: oci://ghcr.io/trianalab/pacto/redis
      constraint: ^7.0.0
      version: 7.2.0
      digest: sha256:d06edc980f34a7a24bbadce58305f9f8285bd863091c12de1e91cc1a6c704293
    - name: stripe-api
      source: oci
      ref: oci://ghcr.io/trianalab/pacto/stripe-api
      constraint: ^2024.01.01
      version: 2024.01.01
      digest: sha256:fd4ab81035d3bfe3f80e8030f046a901d5a898e5b18cff8b3a264dd7e7451c93
references:
    - kind: config
      name: platform
      source: oci
      ref: oci://ghcr.io/trianalab/pacto/platform-app-config
      version: 1.0.0
      digest: sha256:621781dac22b3d9716d87a920b80c00f1471052f036bccc0a68003e223f20967
    - kind: policy
      name: http-security
      source: oci
      ref: oci://ghcr.io/trianalab/pacto/platform-http-policy
      version: 1.0.0
      digest: sha256:43b85f6522c75dee67041cffbbff8b990c34b954c090ca6bafa60c4d814d4fff
