lockVersion: 1
pacto:
    version: 0.0.0
root:
    name: pacto-demo
    version: 1.0.0
dependencies:
    - name: api-gateway
      source: oci
      ref: oci://ghcr.io/trianalab/pacto-demo/api-gateway
      constraint: ^1.0.0
      version: 1.2.0
      digest: sha256:f171b0f9e75843235fdaf0099d10338fed0529e2f02074d063f5ef75b89138ab
      dependsOn:
        - auth-service
        - orders-service
        - payments-service
    - name: auth-service
      source: oci
      ref: oci://ghcr.io/trianalab/pacto-demo/auth-service
      constraint: ^1.0.0
      version: 1.0.0
      digest: sha256:faed07f129ea10f1310ea8770d8fe3d4fcb5443fdd9f30551fcd655c6e3e5dbf
      dependsOn:
        - redis
    - name: email-provider
      source: oci
      ref: oci://ghcr.io/trianalab/pacto-demo/email-provider
      constraint: ^1.0.0
      version: 1.0.0
      digest: sha256:1fdc70104c50b3ed04e8ca6cb65539ce9e711ce37e5496f0733003fd0b1fa7ae
    - name: fraud-service
      source: oci
      ref: oci://ghcr.io/trianalab/pacto-demo/fraud-service
      constraint: ^1.0.0
      version: 1.0.0
      digest: sha256:81cb26817908cc82333cf3114572fe2349fa2645c01d175949a3bb984435ff5a
      dependsOn:
        - redis
    - name: frontend
      source: oci
      ref: oci://ghcr.io/trianalab/pacto-demo/frontend
      constraint: ^1.0.0
      version: 1.0.0
      digest: sha256:40cb5453b80acb21b5915e65efb73a782492c337201a28e2670ad30e4f751ba1
      dependsOn:
        - api-gateway
    - name: notification-worker
      source: oci
      ref: oci://ghcr.io/trianalab/pacto-demo/notification-worker
      constraint: ^1.0.0
      version: 1.0.0
      digest: sha256:810b85496313aa8cb388a3b2c34995dbac025953f47f7fdcf8da652c102416aa
      dependsOn:
        - email-provider
    - name: orders-service
      source: oci
      ref: oci://ghcr.io/trianalab/pacto-demo/orders-service
      constraint: ^1.0.0
      version: 1.2.0
      digest: sha256:0853fcb1de2780d206b1894ee8bfe434904dffd6b2ecca57549ab6e473ce76a7
      dependsOn:
        - notification-worker
        - payments-service
        - postgresql
    - name: payments-service
      source: oci
      ref: oci://ghcr.io/trianalab/pacto-demo/payments-service
      constraint: ^1.0.0
      version: 2.1.0
      digest: sha256:03aeb4628d18c5fd8a74e038de9b9ee7db5ffb5b049597894c50b178992aa4f7
      dependsOn:
        - fraud-service
        - postgresql
        - stripe-api
    - name: postgresql
      source: oci
      ref: oci://ghcr.io/trianalab/pacto-demo/postgresql
      constraint: ^16.0.0
      version: 16.0.0
      digest: sha256:11b8e350536f32da40dc79a0531d32ea846fdea38ee0814f5497d64d24f4bdf1
    - name: redis
      source: oci
      ref: oci://ghcr.io/trianalab/pacto-demo/redis
      constraint: ^7.0.0
      version: 7.2.0
      digest: sha256:4a7dc30c2ee1eebc891f69b33b27de495f5d63126e95851fda10df183b3ffff2
    - name: stripe-api
      source: oci
      ref: oci://ghcr.io/trianalab/pacto-demo/stripe-api
      constraint: ^2024.01.01
      version: 2024.01.01
      digest: sha256:55147a11d101a218a303064498ab8e72397eb3797cc5e257e4199a1c2844d77e
