lockVersion: 1
pacto:
    version: 0.0.0
root:
    name: pacto-demo
    version: 1.0.0
dependencies:
    - name: api-gateway
      source: oci
      ref: oci://ghcr.io/trianalab/pacto-demo/api-gateway
      constraint: ^1.0.0
      version: 1.2.0
      digest: sha256:6fd63f2432c1b990b83fd39e830c6d2365b501d810639496e72d11ec60f3c776
      dependsOn:
        - auth-service
        - orders-service
        - payments-service
    - name: auth-service
      source: oci
      ref: oci://ghcr.io/trianalab/pacto-demo/auth-service
      constraint: ^1.0.0
      version: 1.0.0
      digest: sha256:2c9c73809a54e41f4276cd6eae1f3b2603d3dfd8b207fb9ea6899ee0f8cab5de
      dependsOn:
        - redis
    - name: email-provider
      source: oci
      ref: oci://ghcr.io/trianalab/pacto-demo/email-provider
      constraint: ^1.0.0
      version: 1.0.0
      digest: sha256:2ef9480d81b9d2006f9f2d98b1745cd698fe2d5805e2fe42980fb1ad24acf366
    - name: fraud-service
      source: oci
      ref: oci://ghcr.io/trianalab/pacto-demo/fraud-service
      constraint: ^1.0.0
      version: 1.0.0
      digest: sha256:43f5e2c5fae57886921678d2d84d249b005a3fcebe16430635edbc7903ab9acc
      dependsOn:
        - redis
    - name: frontend
      source: oci
      ref: oci://ghcr.io/trianalab/pacto-demo/frontend
      constraint: ^1.0.0
      version: 1.0.0
      digest: sha256:69629380f9ba2a56f45e2e386f408eee8940387252e550ffe5fb61d089ddee82
      dependsOn:
        - api-gateway
    - name: notification-worker
      source: oci
      ref: oci://ghcr.io/trianalab/pacto-demo/notification-worker
      constraint: ^1.0.0
      version: 1.0.0
      digest: sha256:a09e6995d3c62a4bf8446ef98efd9c3b81572208ac5f5eb76a92a44d7539a314
      dependsOn:
        - email-provider
    - name: orders-service
      source: oci
      ref: oci://ghcr.io/trianalab/pacto-demo/orders-service
      constraint: ^1.0.0
      version: 1.2.0
      digest: sha256:cc83798cbad4e1a793f594471e780c604542e1aab5a2adfff09a0e95ee133ee5
      dependsOn:
        - notification-worker
        - payments-service
        - postgresql
    - name: payments-service
      source: oci
      ref: oci://ghcr.io/trianalab/pacto-demo/payments-service
      constraint: ^1.0.0
      version: 2.1.0
      digest: sha256:50e5dc439ae90a8f3c8c5b079674145fe37c8b7c5d74d3c77733f626c41e769e
      dependsOn:
        - fraud-service
        - postgresql
        - stripe-api
    - name: postgresql
      source: oci
      ref: oci://ghcr.io/trianalab/pacto-demo/postgresql
      constraint: ^16.0.0
      version: 16.0.0
      digest: sha256:5df5c6c08e82bf3a6f1ab512a8d13f2948e2b92cf13c7c28f354ae1f3794b2bf
    - name: redis
      source: oci
      ref: oci://ghcr.io/trianalab/pacto-demo/redis
      constraint: ^7.0.0
      version: 7.2.0
      digest: sha256:62ea5244d912c65257e16fb538df281a802c9541771a04f3a512ba114d30bc37
    - name: stripe-api
      source: oci
      ref: oci://ghcr.io/trianalab/pacto-demo/stripe-api
      constraint: ^2024.01.01
      version: 2024.01.01
      digest: sha256:8c5fae3f3c2ef7fe805c525f62befa78663a7e87cae88010704533fdc1504d08
